{
  "name": "applecardforynab-stencil",
  "lockfileVersion": 3,
  "requires": true,
  "packages": {
    "": {
      "name": "applecardforynab-stencil",
      "dependencies": {
        "sha.js": "^2.4.11"
      },
      "devDependencies": {
        "@stencil/core": "^1.17.4",
        "@stencil/postcss": "^1.0.1",
        "@stencil/router": "^1.0.1",
        "@stencil/sass": "^1.3.2",
        "@types/node": "^14.6.3",
        "autoprefixer": "^9.8.6",
        "lodash-es": "^4.17.15",
        "rollup-plugin-node-polyfills": "^0.2.1"
      }
    },
    "node_modules/@stencil/core": {
      "version": "1.17.4",
      "resolved": "https://registry.npmjs.org/@stencil/core/-/core-1.17.4.tgz",
      "integrity": "sha512-dmuNYM6fnHPvE2ptHoUBQtjcpXqrHnkDtdyUD6/JrZWcJt6jBtrykewObOxzpDCMLs+NT7668ussRagdVL03gQ==",
      "dev": true,
      "dependencies": {
        "typescript": "3.9.7"
      },
      "bin": {
        "stencil": "bin/stencil"
      },
      "engines": {
        "node": ">=10.13.0",
        "npm": ">=6.0.0"
      }
    },
    "node_modules/@stencil/postcss": {
      "version": "1.0.1",
      "resolved": "https://registry.npmjs.org/@stencil/postcss/-/postcss-1.0.1.tgz",
      "integrity": "sha512-+QOLwdiMSeE6XbvjOM8bfMIX6E6L4DFLmnp0wZqCj4O/PVkNfEQA6IXZgd6F+OIfZ1wBy/dxR4Jvtwfo+QXa2g==",
      "deprecated": "@stencil/postcss has been deprecated. Please see the community-driven package, '@stencil-community/postcss'",
      "dev": true,
      "dependencies": {
        "postcss": "~7.0.17"
      },
      "peerDependencies": {
        "@stencil/core": "^1.0.2"
      }
    },
    "node_modules/@stencil/router": {
      "version": "1.0.1",
      "resolved": "https://registry.npmjs.org/@stencil/router/-/router-1.0.1.tgz",
      "integrity": "sha512-ZMholl1BE+glNAc/8pcEb9RYkeH0XETxsJbx6D7f3azTmaTXqKYty1IACP/3BtVjuimpfLdxQJ+J95wKmnYBtA==",
      "deprecated": "Package no longer supported. Contact Support at https://www.npmjs.com/support for more info.",
      "dev": true,
      "dependencies": {
        "@stencil/state-tunnel": "^1.0.1"
      }
    },
    "node_modules/@stencil/sass": {
      "version": "1.5.2",
      "resolved": "https://registry.npmjs.org/@stencil/sass/-/sass-1.5.2.tgz",
      "integrity": "sha512-nJ93pUSylsGsMX0eLmhxh1oEljcUjj5mYjhB9ziCdoaydAdjukrUoqDCC7tdVbOcBo2hKptQyWqCtETnBGYsXQ==",
      "dev": true,
      "peerDependencies": {
        "@stencil/core": ">=1.0.2"
      }
    },
    "node_modules/@stencil/state-tunnel": {
      "version": "1.0.1",
      "resolved": "https://registry.npmjs.org/@stencil/state-tunnel/-/state-tunnel-1.0.1.tgz",
      "integrity": "sha512-DYG8uROgL9hkjVTCtCfRBb0d3FwpiFB0muRrNZQ2X1Qo5hxMuNNji76/ILddqeq0AfgkKCW82xrMPDpy+rNIhQ==",
      "deprecated": "@stencil/state-tunnel is no longer supported",
      "dev": true
    },
    "node_modules/@types/node": {
      "version": "14.18.63",
      "resolved": "https://registry.npmjs.org/@types/node/-/node-14.18.63.tgz",
      "integrity": "sha512-fAtCfv4jJg+ExtXhvCkCqUKZ+4ok/JQk01qDKhL5BDDoS3AxKXhV5/MAVUZyQnSEd2GT92fkgZl0pz0Q0AzcIQ==",
      "dev": true
    },
    "node_modules/autoprefixer": {
      "version": "9.8.8",
      "resolved": "https://registry.npmjs.org/autoprefixer/-/autoprefixer-9.8.8.tgz",
      "integrity": "sha512-eM9d/swFopRt5gdJ7jrpCwgvEMIayITpojhkkSMRsFHYuH5bkSQ4p/9qTEHtmNudUZh22Tehu7I6CxAW0IXTKA==",
      "dev": true,
      "dependencies": {
        "browserslist": "^4.12.0",
        "caniuse-lite": "^1.0.30001109",
        "normalize-range": "^0.1.2",
        "num2fraction": "^1.2.2",
        "picocolors": "^0.2.1",
        "postcss": "^7.0.32",
        "postcss-value-parser": "^4.1.0"
      },
      "bin": {
        "autoprefixer": "bin/autoprefixer"
      },
      "funding": {
        "type": "tidelift",
        "url": "https://tidelift.com/funding/github/npm/autoprefixer"
      }
    },
    "node_modules/browserslist": {
      "version": "4.22.2",
      "resolved": "https://registry.npmjs.org/browserslist/-/browserslist-4.22.2.tgz",
      "integrity": "sha512-0UgcrvQmBDvZHFGdYUehrCNIazki7/lUP3kkoi/r3YB2amZbFM9J43ZRkJTXBUZK4gmx56+Sqk9+Vs9mwZx9+A==",
      "dev": true,
      "funding": [
        {
          "type": "opencollective",
          "url": "https://opencollective.com/browserslist"
        },
        {
          "type": "tidelift",
          "url": "https://tidelift.com/funding/github/npm/browserslist"
        },
        {
          "type": "github",
          "url": "https://github.com/sponsors/ai"
        }
      ],
      "dependencies": {
        "caniuse-lite": "^1.0.30001565",
        "electron-to-chromium": "^1.4.601",
        "node-releases": "^2.0.14",
        "update-browserslist-db": "^1.0.13"
      },
      "bin": {
        "browserslist": "cli.js"
      },
      "engines": {
        "node": "^6 || ^7 || ^8 || ^9 || ^10 || ^11 || ^12 || >=13.7"
      }
    },
    "node_modules/caniuse-lite": {
      "version": "1.0.30001572",
      "resolved": "https://registry.npmjs.org/caniuse-lite/-/caniuse-lite-1.0.30001572.tgz",
      "integrity": "sha512-1Pbh5FLmn5y4+QhNyJE9j3/7dK44dGB83/ZMjv/qJk86TvDbjk0LosiZo0i0WB0Vx607qMX9jYrn1VLHCkN4rw==",
      "dev": true,
      "funding": [
        {
          "type": "opencollective",
          "url": "https://opencollective.com/browserslist"
        },
        {
          "type": "tidelift",
          "url": "https://tidelift.com/funding/github/npm/caniuse-lite"
        },
        {
          "type": "github",
          "url": "https://github.com/sponsors/ai"
        }
      ]
    },
    "node_modules/electron-to-chromium": {
      "version": "1.4.616",
      "resolved": "https://registry.npmjs.org/electron-to-chromium/-/electron-to-chromium-1.4.616.tgz",
      "integrity": "sha512-1n7zWYh8eS0L9Uy+GskE0lkBUNK83cXTVJI0pU3mGprFsbfSdAc15VTFbo+A+Bq4pwstmL30AVcEU3Fo463lNg==",
      "dev": true
    },
    "node_modules/escalade": {
      "version": "3.1.1",
      "resolved": "https://registry.npmjs.org/escalade/-/escalade-3.1.1.tgz",
      "integrity": "sha512-k0er2gUkLf8O0zKJiAhmkTnJlTvINGv7ygDNPbeIsX/TJjGJZHuh9B2UxbsaEkmlEo9MfhrSzmhIlhRlI2GXnw==",
      "dev": true,
      "engines": {
        "node": ">=6"
      }
    },
    "node_modules/estree-walker": {
      "version": "0.6.1",
      "resolved": "https://registry.npmjs.org/estree-walker/-/estree-walker-0.6.1.tgz",
      "integrity": "sha512-SqmZANLWS0mnatqbSfRP5g8OXZC12Fgg1IwNtLsyHDzJizORW4khDfjPqJZsemPWBB2uqykUah5YpQ6epsqC/w==",
      "dev": true
    },
    "node_modules/inherits": {
      "version": "2.0.4",
      "resolved": "https://registry.npmjs.org/inherits/-/inherits-2.0.4.tgz",
      "integrity": "sha512-k/vGaX4/Yla3WzyMCvTQOXYeIHvqOKtnqBduzTHpzpQZzAskKMhZ2K+EnBiSM9zGSoIFeMpXKxa4dYeZIQqewQ=="
    },
    "node_modules/lodash-es": {
      "version": "4.17.21",
      "resolved": "https://registry.npmjs.org/lodash-es/-/lodash-es-4.17.21.tgz",
      "integrity": "sha512-mKnC+QJ9pWVzv+C4/U3rRsHapFfHvQFoFB92e52xeyGMcX6/OlIl78je1u8vePzYZSkkogMPJ2yjxxsb89cxyw==",
      "dev": true
    },
    "node_modules/magic-string": {
      "version": "0.25.9",
      "resolved": "https://registry.npmjs.org/magic-string/-/magic-string-0.25.9.tgz",
      "integrity": "sha512-RmF0AsMzgt25qzqqLc1+MbHmhdx0ojF2Fvs4XnOqz2ZOBXzzkEwc/dJQZCYHAn7v1jbVOjAZfK8msRn4BxO4VQ==",
      "dev": true,
      "dependencies": {
        "sourcemap-codec": "^1.4.8"
      }
    },
    "node_modules/node-releases": {
      "version": "2.0.14",
      "resolved": "https://registry.npmjs.org/node-releases/-/node-releases-2.0.14.tgz",
      "integrity": "sha512-y10wOWt8yZpqXmOgRo77WaHEmhYQYGNA6y421PKsKYWEK8aW+cqAphborZDhqfyKrbZEN92CN1X2KbafY2s7Yw==",
      "dev": true
    },
    "node_modules/normalize-range": {
      "version": "0.1.2",
      "resolved": "https://registry.npmjs.org/normalize-range/-/normalize-range-0.1.2.tgz",
      "integrity": "sha512-bdok/XvKII3nUpklnV6P2hxtMNrCboOjAcyBuQnWEhO665FwrSNRxU+AqpsyvO6LgGYPspN+lu5CLtw4jPRKNA==",
      "dev": true,
      "engines": {
        "node": ">=0.10.0"
      }
    },
    "node_modules/num2fraction": {
      "version": "1.2.2",
      "resolved": "https://registry.npmjs.org/num2fraction/-/num2fraction-1.2.2.tgz",
      "integrity": "sha512-Y1wZESM7VUThYY+4W+X4ySH2maqcA+p7UR+w8VWNWVAd6lwuXXWz/w/Cz43J/dI2I+PS6wD5N+bJUF+gjWvIqg==",
      "dev": true
    },
    "node_modules/picocolors": {
      "version": "0.2.1",
      "resolved": "https://registry.npmjs.org/picocolors/-/picocolors-0.2.1.tgz",
      "integrity": "sha512-cMlDqaLEqfSaW8Z7N5Jw+lyIW869EzT73/F5lhtY9cLGoVxSXznfgfXMO0Z5K0o0Q2TkTXq+0KFsdnSe3jDViA==",
      "dev": true
    },
    "node_modules/postcss": {
      "version": "7.0.39",
      "resolved": "https://registry.npmjs.org/postcss/-/postcss-7.0.39.tgz",
      "integrity": "sha512-yioayjNbHn6z1/Bywyb2Y4s3yvDAeXGOyxqD+LnVOinq6Mdmd++SW2wUNVzavyyHxd6+DxzWGIuosg6P1Rj8uA==",
      "dev": true,
      "dependencies": {
        "picocolors": "^0.2.1",
        "source-map": "^0.6.1"
      },
      "engines": {
        "node": ">=6.0.0"
      },
      "funding": {
        "type": "opencollective",
        "url": "https://opencollective.com/postcss/"
      }
    },
    "node_modules/postcss-value-parser": {
      "version": "4.2.0",
      "resolved": "https://registry.npmjs.org/postcss-value-parser/-/postcss-value-parser-4.2.0.tgz",
      "integrity": "sha512-1NNCs6uurfkVbeXG4S8JFT9t19m45ICnif8zWLd5oPSZ50QnwMfK+H3jv408d4jw/7Bttv5axS5IiHoLaVNHeQ==",
      "dev": true
    },
    "node_modules/rollup-plugin-inject": {
      "version": "3.0.2",
      "resolved": "https://registry.npmjs.org/rollup-plugin-inject/-/rollup-plugin-inject-3.0.2.tgz",
      "integrity": "sha512-ptg9PQwzs3orn4jkgXJ74bfs5vYz1NCZlSQMBUA0wKcGp5i5pA1AO3fOUEte8enhGUC+iapTCzEWw2jEFFUO/w==",
      "deprecated": "This package has been deprecated and is no longer maintained. Please use @rollup/plugin-inject.",
      "dev": true,
      "dependencies": {
        "estree-walker": "^0.6.1",
        "magic-string": "^0.25.3",
        "rollup-pluginutils": "^2.8.1"
      }
    },
    "node_modules/rollup-plugin-node-polyfills": {
      "version": "0.2.1",
      "resolved": "https://registry.npmjs.org/rollup-plugin-node-polyfills/-/rollup-plugin-node-polyfills-0.2.1.tgz",
      "integrity": "sha512-4kCrKPTJ6sK4/gLL/U5QzVT8cxJcofO0OU74tnB19F40cmuAKSzH5/siithxlofFEjwvw1YAhPmbvGNA6jEroA==",
      "dev": true,
      "dependencies": {
        "rollup-plugin-inject": "^3.0.0"
      }
    },
    "node_modules/rollup-pluginutils": {
      "version": "2.8.2",
      "resolved": "https://registry.npmjs.org/rollup-pluginutils/-/rollup-pluginutils-2.8.2.tgz",
      "integrity": "sha512-EEp9NhnUkwY8aif6bxgovPHMoMoNr2FulJziTndpt5H9RdwC47GSGuII9XxpSdzVGM0GWrNPHV6ie1LTNJPaLQ==",
      "dev": true,
      "dependencies": {
        "estree-walker": "^0.6.1"
      }
    },
    "node_modules/safe-buffer": {
      "version": "5.2.1",
      "resolved": "https://registry.npmjs.org/safe-buffer/-/safe-buffer-5.2.1.tgz",
      "integrity": "sha512-rp3So07KcdmmKbGvgaNxQSJr7bGVSVk5S9Eq1F+ppbRo70+YeaDxkw5Dd8NPN+GD6bjnYm2VuPuCXmpuYvmCXQ==",
      "funding": [
        {
          "type": "github",
          "url": "https://github.com/sponsors/feross"
        },
        {
          "type": "patreon",
          "url": "https://www.patreon.com/feross"
        },
        {
          "type": "consulting",
          "url": "https://feross.org/support"
        }
      ]
    },
    "node_modules/sha.js": {
      "version": "2.4.11",
      "resolved": "https://registry.npmjs.org/sha.js/-/sha.js-2.4.11.tgz",
      "integrity": "sha512-QMEp5B7cftE7APOjk5Y6xgrbWu+WkLVQwk8JNjZ8nKRciZaByEW6MubieAiToS7+dwvrjGhH8jRXz3MVd0AYqQ==",
      "dependencies": {
        "inherits": "^2.0.1",
        "safe-buffer": "^5.0.1"
      },
      "bin": {
        "sha.js": "bin.js"
      }
    },
    "node_modules/source-map": {
      "version": "0.6.1",
      "resolved": "https://registry.npmjs.org/source-map/-/source-map-0.6.1.tgz",
      "integrity": "sha512-UjgapumWlbMhkBgzT7Ykc5YXUT46F0iKu8SGXq0bcwP5dz/h0Plj6enJqjz1Zbq2l5WaqYnrVbwWOWMyF3F47g==",
      "dev": true,
      "engines": {
        "node": ">=0.10.0"
      }
    },
    "node_modules/sourcemap-codec": {
      "version": "1.4.8",
      "resolved": "https://registry.npmjs.org/sourcemap-codec/-/sourcemap-codec-1.4.8.tgz",
      "integrity": "sha512-9NykojV5Uih4lgo5So5dtw+f0JgJX30KCNI8gwhz2J9A15wD0Ml6tjHKwf6fTSa6fAdVBdZeNOs9eJ71qCk8vA==",
      "deprecated": "Please use @jridgewell/sourcemap-codec instead",
      "dev": true
    },
    "node_modules/typescript": {
      "version": "3.9.7",
      "resolved": "https://registry.npmjs.org/typescript/-/typescript-3.9.7.tgz",
      "integrity": "sha512-BLbiRkiBzAwsjut4x/dsibSTB6yWpwT5qWmC2OfuCg3GgVQCSgMs4vEctYPhsaGtd0AeuuHMkjZ2h2WG8MSzRw==",
      "dev": true,
      "bin": {
        "tsc": "bin/tsc",
        "tsserver": "bin/tsserver"
      },
      "engines": {
        "node": ">=4.2.0"
      }
    },
    "node_modules/update-browserslist-db": {
      "version": "1.0.13",
      "resolved": "https://registry.npmjs.org/update-browserslist-db/-/update-browserslist-db-1.0.13.tgz",
      "integrity": "sha512-xebP81SNcPuNpPP3uzeW1NYXxI3rxyJzF3pD6sH4jE7o/IX+WtSpwnVU+qIsDPyk0d3hmFQ7mjqc6AtV604hbg==",
      "dev": true,
      "funding": [
        {
          "type": "opencollective",
          "url": "https://opencollective.com/browserslist"
        },
        {
          "type": "tidelift",
          "url": "https://tidelift.com/funding/github/npm/browserslist"
        },
        {
          "type": "github",
          "url": "https://github.com/sponsors/ai"
        }
      ],
      "dependencies": {
        "escalade": "^3.1.1",
        "picocolors": "^1.0.0"
      },
      "bin": {
        "update-browserslist-db": "cli.js"
      },
      "peerDependencies": {
        "browserslist": ">= 4.21.0"
      }
    },
    "node_modules/update-browserslist-db/node_modules/picocolors": {
      "version": "1.0.0",
      "resolved": "https://registry.npmjs.org/picocolors/-/picocolors-1.0.0.tgz",
      "integrity": "sha512-1fygroTLlHu66zi26VoTDv8yRgm0Fccecssto+MhsZ0D/DGW2sm8E8AjW7NU5VVTRt5GxbeZ5qBuJr+HyLYkjQ==",
      "dev": true
    }
  }
}
